
Microsoft Visual Studio Solution File, Format Version 12.00
# Visual Studio Version 17
VisualStudioVersion = 17.4.33403.182
MinimumVisualStudioVersion = 10.0.40219.1
Project("{FAE04EC0-301F-11D3-BF4B-00C04F79EFBC}") = "Anonymous Chat", "Anonymous Chat\Anonymous Chat.csproj", "{148D025E-597A-47FD-9920-51DB7C4C9AFC}"
EndProject
Global
	GlobalSection(SolutionConfigurationPlatforms) = preSolution
		Debug|Any CPU = Debug|Any CPU
		Release|Any CPU = Release|Any CPU
	EndGlobalSection
	GlobalSection(ProjectConfigurationPlatforms) = postSolution
		{148D025E-597A-47FD-9920-51DB7C4C9AFC}.Debug|Any CPU.ActiveCfg = Debug|Any CPU
		{148D025E-597A-47FD-9920-51DB7C4C9AFC}.Debug|Any CPU.Build.0 = Debug|Any CPU
		{148D025E-597A-47FD-9920-51DB7C4C9AFC}.Release|Any CPU.ActiveCfg = Release|Any CPU
		{148D025E-597A-47FD-9920-51DB7C4C9AFC}.Release|Any CPU.Build.0 = Release|Any CPU
	EndGlobalSection
	GlobalSection(SolutionProperties) = preSolution
		HideSolutionNode = FALSE
	EndGlobalSection
	GlobalSection(ExtensibilityGlobals) = postSolution
		SolutionGuid = {76DD95F9-CCF2-4B47-B0CC-D7262D9CB31F}
	EndGlobalSection
EndGlobal
